
Microsoft Visual Studio Solution File, Format Version 10.00
# Visual Studio 2008
Project("{FAE04EC0-301F-11D3-BF4B-00C04F79EFBC}") = "Reservation_System", "Reservation_System\Reservation_System.csproj", "{400B0687-CD24-42AD-B74B-83BFC394FBDE}"
EndProject
Global
	GlobalSection(SolutionConfigurationPlatforms) = preSolution
		Debug|Any CPU = Debug|Any CPU
		Release|Any CPU = Release|Any CPU
	EndGlobalSection
	GlobalSection(ProjectConfigurationPlatforms) = postSolution
		{400B0687-CD24-42AD-B74B-83BFC394FBDE}.Debug|Any CPU.ActiveCfg = Debug|Any CPU
		{400B0687-CD24-42AD-B74B-83BFC394FBDE}.Debug|Any CPU.Build.0 = Debug|Any CPU
		{400B0687-CD24-42AD-B74B-83BFC394FBDE}.Release|Any CPU.ActiveCfg = Release|Any CPU
		{400B0687-CD24-42AD-B74B-83BFC394FBDE}.Release|Any CPU.Build.0 = Release|Any CPU
	EndGlobalSection
	GlobalSection(SolutionProperties) = preSolution
		HideSolutionNode = FALSE
	EndGlobalSection
EndGlobal
